schema: '2.0'
stages:
  data_ingestion:
    cmd: python src/data/data_ingestion.py
    deps:
    - path: src/data/data_ingestion.py
      hash: md5
      md5: 82015e522a44ad9bc1b6449e3b733308
      size: 3363
    params:
      params.yaml:
        data_ingestion.test_size: 0.25
    outs:
    - path: datas/raw
      hash: md5
      md5: 0eab195721a9a6a45ada66e3c9a61c9d.dir
      size: 689215
      nfiles: 2
  data_preprocessing:
    cmd: python src/data/data_preprocessing.py
    deps:
    - path: datas/raw
      hash: md5
      md5: 0eab195721a9a6a45ada66e3c9a61c9d.dir
      size: 689215
      nfiles: 2
    - path: src/data/data_preprocessing.py
      hash: md5
      md5: d8f0b3366315072241cab0b222737d80
      size: 2829
    outs:
    - path: datas/interim
      hash: md5
      md5: d1669856bc642ae87ac1ce8e46825ab6.dir
      size: 425829
      nfiles: 2
  feature_engineering:
    cmd: python src/features/feature_engineering.py
    deps:
    - path: datas/interim
      hash: md5
      md5: d1669856bc642ae87ac1ce8e46825ab6.dir
      size: 425829
      nfiles: 2
    - path: src/features/feature_engineering.py
      hash: md5
      md5: 78e8ec7a5ac76b41f8fa9c695c530d76
      size: 3354
    params:
      params.yaml:
        feature_engineering.max_features: 50
    outs:
    - path: datas/processed
      hash: md5
      md5: 174c3bc6aa5d0f5230e789bf2915e9a4.dir
      size: 51891
      nfiles: 2
    - path: models/vectorizer.pkl
      hash: md5
      md5: c32de221094f41b33d8cdf81c671b572
      size: 1856
  model_building:
    cmd: python src/model/model_building.py
    deps:
    - path: datas/processed
      hash: md5
      md5: 174c3bc6aa5d0f5230e789bf2915e9a4.dir
      size: 51891
      nfiles: 2
    - path: src/model/model_building.py
      hash: md5
      md5: 5de7ffa8602caaaf3c80b6ead0df36aa
      size: 1803
    outs:
    - path: models/model.pkl
      hash: md5
      md5: 63fa04dd21a12dae80561c869003d222
      size: 1115
  model_evaluation:
    cmd: python src/model/model_evaluation.py
    deps:
    - path: models/model.pkl
      hash: md5
      md5: 63fa04dd21a12dae80561c869003d222
      size: 1115
    - path: src/model/model_evaluation.py
      hash: md5
      md5: af082621b53bb1f5431c1bfa2b154e36
      size: 5302
    outs:
    - path: reports/experiment_info.json
      hash: md5
      md5: 74c49c1c9b801527bdb5e387a319979f
      size: 82
    - path: reports/metrics.json
      hash: md5
      md5: 39bc92ad664d8cd12883077541a4e9d1
      size: 132
  model_registration:
    cmd: python src/model/register_model.py
    deps:
    - path: reports/experiment_info.json
      hash: md5
      md5: 74c49c1c9b801527bdb5e387a319979f
      size: 82
    - path: src/model/register_model.py
      hash: md5
      md5: 5692e9b98c6c12e4d7b2ea722cfc060d
      size: 3032
